
Microsoft Visual Studio Solution File, Format Version 12.00
# Visual Studio Version 16
VisualStudioVersion = 16.0.36324.18
MinimumVisualStudioVersion = 10.0.40219.1
Project("{F184B08F-C81C-45F6-A57F-5ABD9991F28F}") = "QLSV", "QLSV\QLSV.vbproj", "{B8B2B784-1E77-408A-8127-A210F68EEC87}"
EndProject
Project("{2150E333-8FDC-42A3-9474-1A3956D46DE8}") = "Solution Items", "Solution Items", "{8A0A4753-30F4-42F8-98D1-FFA4B2549BBD}"
EndProject
Global
	GlobalSection(SolutionConfigurationPlatforms) = preSolution
		Debug|Any CPU = Debug|Any CPU
		Release|Any CPU = Release|Any CPU
	EndGlobalSection
	GlobalSection(ProjectConfigurationPlatforms) = postSolution
		{B8B2B784-1E77-408A-8127-A210F68EEC87}.Debug|Any CPU.ActiveCfg = Debug|Any CPU
		{B8B2B784-1E77-408A-8127-A210F68EEC87}.Debug|Any CPU.Build.0 = Debug|Any CPU
		{B8B2B784-1E77-408A-8127-A210F68EEC87}.Release|Any CPU.ActiveCfg = Release|Any CPU
		{B8B2B784-1E77-408A-8127-A210F68EEC87}.Release|Any CPU.Build.0 = Release|Any CPU
	EndGlobalSection
	GlobalSection(SolutionProperties) = preSolution
		HideSolutionNode = FALSE
	EndGlobalSection
	GlobalSection(ExtensibilityGlobals) = postSolution
		SolutionGuid = {C4A0538D-C899-44D4-B514-A27E6D019970}
	EndGlobalSection
EndGlobal
